// !$*UTF8*$!
{
	archiveVersion = 1;
	classes = {
	};
	objectVersion = 55;
	objects = {

/* Begin PBXBuildFile section */
		0489423829F9D81600F3B59C /* HomeViewController.swift in Sources */ = {isa = PBXBuildFile; fileRef = 0489423729F9D81600F3B59C /* HomeViewController.swift */; };
		04B8BA0B2A05B5EB00AC6497 /* CathegoryCollectionViewCell.swift in Sources */ = {isa = PBXBuildFile; fileRef = 04B8BA092A05B5EB00AC6497 /* CathegoryCollectionViewCell.swift */; };
		04B8BA0C2A05B5EB00AC6497 /* CathegoryCollectionViewCell.xib in Resources */ = {isa = PBXBuildFile; fileRef = 04B8BA0A2A05B5EB00AC6497 /* CathegoryCollectionViewCell.xib */; };
		04B8BA0E2A05B89700AC6497 /* DishCathegory.swift in Sources */ = {isa = PBXBuildFile; fileRef = 04B8BA0D2A05B89700AC6497 /* DishCathegory.swift */; };
		04CEE95A29B6981900F379EE /* OnboardingViewController.swift in Sources */ = {isa = PBXBuildFile; fileRef = 04CEE95929B6981900F379EE /* OnboardingViewController.swift */; };
		04CEE95D29B69CF200F379EE /* UIView+Extension.swift in Sources */ = {isa = PBXBuildFile; fileRef = 04CEE95C29B69CF200F379EE /* UIView+Extension.swift */; };
		04CEE95F29B69F2700F379EE /* OnboardingSlide.swift in Sources */ = {isa = PBXBuildFile; fileRef = 04CEE95E29B69F2700F379EE /* OnboardingSlide.swift */; };
		04CEE96129B6A38400F379EE /* OnboardingCollectionViewCell.swift in Sources */ = {isa = PBXBuildFile; fileRef = 04CEE96029B6A38400F379EE /* OnboardingCollectionViewCell.swift */; };
		04F2145329B3C35F0044C92F /* AppDelegate.swift in Sources */ = {isa = PBXBuildFile; fileRef = 04F2145229B3C35F0044C92F /* AppDelegate.swift */; };
		04F2145529B3C35F0044C92F /* SceneDelegate.swift in Sources */ = {isa = PBXBuildFile; fileRef = 04F2145429B3C35F0044C92F /* SceneDelegate.swift */; };
		04F2145A29B3C35F0044C92F /* Main.storyboard in Resources */ = {isa = PBXBuildFile; fileRef = 04F2145829B3C35F0044C92F /* Main.storyboard */; };
		04F2145C29B3C3600044C92F /* Assets.xcassets in Resources */ = {isa = PBXBuildFile; fileRef = 04F2145B29B3C3600044C92F /* Assets.xcassets */; };
		04F2145F29B3C3600044C92F /* LaunchScreen.storyboard in Resources */ = {isa = PBXBuildFile; fileRef = 04F2145D29B3C3600044C92F /* LaunchScreen.storyboard */; };
/* End PBXBuildFile section */

/* Begin PBXFileReference section */
		0489423729F9D81600F3B59C /* HomeViewController.swift */ = {isa = PBXFileReference; lastKnownFileType = sourcecode.swift; path = HomeViewController.swift; sourceTree = "<group>"; };
		04B8BA092A05B5EB00AC6497 /* CathegoryCollectionViewCell.swift */ = {isa = PBXFileReference; lastKnownFileType = sourcecode.swift; path = CathegoryCollectionViewCell.swift; sourceTree = "<group>"; };
		04B8BA0A2A05B5EB00AC6497 /* CathegoryCollectionViewCell.xib */ = {isa = PBXFileReference; lastKnownFileType = file.xib; path = CathegoryCollectionViewCell.xib; sourceTree = "<group>"; };
		04B8BA0D2A05B89700AC6497 /* DishCathegory.swift */ = {isa = PBXFileReference; lastKnownFileType = sourcecode.swift; path = DishCathegory.swift; sourceTree = "<group>"; };
		04CEE95929B6981900F379EE /* OnboardingViewController.swift */ = {isa = PBXFileReference; lastKnownFileType = sourcecode.swift; path = OnboardingViewController.swift; sourceTree = "<group>"; };
		04CEE95C29B69CF200F379EE /* UIView+Extension.swift */ = {isa = PBXFileReference; lastKnownFileType = sourcecode.swift; path = "UIView+Extension.swift"; sourceTree = "<group>"; };
		04CEE95E29B69F2700F379EE /* OnboardingSlide.swift */ = {isa = PBXFileReference; lastKnownFileType = sourcecode.swift; path = OnboardingSlide.swift; sourceTree = "<group>"; };
		04CEE96029B6A38400F379EE /* OnboardingCollectionViewCell.swift */ = {isa = PBXFileReference; lastKnownFileType = sourcecode.swift; path = OnboardingCollectionViewCell.swift; sourceTree = "<group>"; };
		04F2144F29B3C35F0044C92F /* Food Taxi.app */ = {isa = PBXFileReference; explicitFileType = wrapper.application; includeInIndex = 0; path = "Food Taxi.app"; sourceTree = BUILT_PRODUCTS_DIR; };
		04F2145229B3C35F0044C92F /* AppDelegate.swift */ = {isa = PBXFileReference; lastKnownFileType = sourcecode.swift; path = AppDelegate.swift; sourceTree = "<group>"; };
		04F2145429B3C35F0044C92F /* SceneDelegate.swift */ = {isa = PBXFileReference; lastKnownFileType = sourcecode.swift; path = SceneDelegate.swift; sourceTree = "<group>"; };
		04F2145929B3C35F0044C92F /* Base */ = {isa = PBXFileReference; lastKnownFileType = file.storyboard; name = Base; path = Base.lproj/Main.storyboard; sourceTree = "<group>"; };
		04F2145B29B3C3600044C92F /* Assets.xcassets */ = {isa = PBXFileReference; lastKnownFileType = folder.assetcatalog; path = Assets.xcassets; sourceTree = "<group>"; };
		04F2145E29B3C3600044C92F /* Base */ = {isa = PBXFileReference; lastKnownFileType = file.storyboard; name = Base; path = Base.lproj/LaunchScreen.storyboard; sourceTree = "<group>"; };
		04F2146029B3C3600044C92F /* Info.plist */ = {isa = PBXFileReference; lastKnownFileType = text.plist.xml; path = Info.plist; sourceTree = "<group>"; };
/* End PBXFileReference section */

/* Begin PBXFrameworksBuildPhase section */
		04F2144C29B3C35F0044C92F /* Frameworks */ = {
			isa = PBXFrameworksBuildPhase;
			buildActionMask = 2147483647;
			files = (
			);
			runOnlyForDeploymentPostprocessing = 0;
		};
/* End PBXFrameworksBuildPhase section */

/* Begin PBXGroup section */
		0489423629F9D7AC00F3B59C /* Home */ = {
			isa = PBXGroup;
			children = (
				0489423729F9D81600F3B59C /* HomeViewController.swift */,
			);
			path = Home;
			sourceTree = "<group>";
		};
		04B8BA072A05B5AA00AC6497 /* CollectionViewCell */ = {
			isa = PBXGroup;
			children = (
				04B8BA082A05B5BD00AC6497 /* GathegoryCollectionViewCell */,
			);
			path = CollectionViewCell;
			sourceTree = "<group>";
		};
		04B8BA082A05B5BD00AC6497 /* GathegoryCollectionViewCell */ = {
			isa = PBXGroup;
			children = (
				04B8BA092A05B5EB00AC6497 /* CathegoryCollectionViewCell.swift */,
				04B8BA0A2A05B5EB00AC6497 /* CathegoryCollectionViewCell.xib */,
			);
			path = GathegoryCollectionViewCell;
			sourceTree = "<group>";
		};
		04CEE95429B697A900F379EE /* Models */ = {
			isa = PBXGroup;
			children = (
				04CEE95E29B69F2700F379EE /* OnboardingSlide.swift */,
				04B8BA0D2A05B89700AC6497 /* DishCathegory.swift */,
			);
			path = Models;
			sourceTree = "<group>";
		};
		04CEE95629B697C700F379EE /* Views */ = {
			isa = PBXGroup;
			children = (
				0489423629F9D7AC00F3B59C /* Home */,
				04CEE95829B697EA00F379EE /* Onboarding */,
			);
			path = Views;
			sourceTree = "<group>";
		};
		04CEE95729B697D700F379EE /* CustomView */ = {
			isa = PBXGroup;
			children = (
				04B8BA072A05B5AA00AC6497 /* CollectionViewCell */,
			);
			path = CustomView;
			sourceTree = "<group>";
		};
		04CEE95829B697EA00F379EE /* Onboarding */ = {
			isa = PBXGroup;
			children = (
				04CEE95929B6981900F379EE /* OnboardingViewController.swift */,
				04CEE96029B6A38400F379EE /* OnboardingCollectionViewCell.swift */,
			);
			path = Onboarding;
			sourceTree = "<group>";
		};
		04CEE95B29B69CCB00F379EE /* Extension */ = {
			isa = PBXGroup;
			children = (
				04CEE95C29B69CF200F379EE /* UIView+Extension.swift */,
			);
			path = Extension;
			sourceTree = "<group>";
		};
		04F2144629B3C35F0044C92F = {
			isa = PBXGroup;
			children = (
				04F2145129B3C35F0044C92F /* Food Taxi */,
				04F2145029B3C35F0044C92F /* Products */,
			);
			sourceTree = "<group>";
		};
		04F2145029B3C35F0044C92F /* Products */ = {
			isa = PBXGroup;
			children = (
				04F2144F29B3C35F0044C92F /* Food Taxi.app */,
			);
			name = Products;
			sourceTree = "<group>";
		};
		04F2145129B3C35F0044C92F /* Food Taxi */ = {
			isa = PBXGroup;
			children = (
				04F2145229B3C35F0044C92F /* AppDelegate.swift */,
				04F2145429B3C35F0044C92F /* SceneDelegate.swift */,
				04CEE95B29B69CCB00F379EE /* Extension */,
				04CEE95729B697D700F379EE /* CustomView */,
				04CEE95629B697C700F379EE /* Views */,
				04CEE95429B697A900F379EE /* Models */,
				04F2145829B3C35F0044C92F /* Main.storyboard */,
				04F2145B29B3C3600044C92F /* Assets.xcassets */,
				04F2145D29B3C3600044C92F /* LaunchScreen.storyboard */,
				04F2146029B3C3600044C92F /* Info.plist */,
			);
			path = "Food Taxi";
			sourceTree = "<group>";
		};
/* End PBXGroup section */

/* Begin PBXNativeTarget section */
		04F2144E29B3C35F0044C92F /* Food Taxi */ = {
			isa = PBXNativeTarget;
			buildConfigurationList = 04F2146329B3C3600044C92F /* Build configuration list for PBXNativeTarget "Food Taxi" */;
			buildPhases = (
				04F2144B29B3C35F0044C92F /* Sources */,
				04F2144C29B3C35F0044C92F /* Frameworks */,
				04F2144D29B3C35F0044C92F /* Resources */,
			);
			buildRules = (
			);
			dependencies = (
			);
			name = "Food Taxi";
			productName = "Food Taxi";
			productReference = 04F2144F29B3C35F0044C92F /* Food Taxi.app */;
			productType = "com.apple.product-type.application";
		};
/* End PBXNativeTarget section */

/* Begin PBXProject section */
		04F2144729B3C35F0044C92F /* Project object */ = {
			isa = PBXProject;
			attributes = {
				BuildIndependentTargetsInParallel = 1;
				LastSwiftUpdateCheck = 1320;
				LastUpgradeCheck = 1320;
				TargetAttributes = {
					04F2144E29B3C35F0044C92F = {
						CreatedOnToolsVersion = 13.2.1;
					};
				};
			};
			buildConfigurationList = 04F2144A29B3C35F0044C92F /* Build configuration list for PBXProject "Food Taxi" */;
			compatibilityVersion = "Xcode 13.0";
			developmentRegion = en;
			hasScannedForEncodings = 0;
			knownRegions = (
				en,
				Base,
			);
			mainGroup = 04F2144629B3C35F0044C92F;
			productRefGroup = 04F2145029B3C35F0044C92F /* Products */;
			projectDirPath = "";
			projectRoot = "";
			targets = (
				04F2144E29B3C35F0044C92F /* Food Taxi */,
			);
		};
/* End PBXProject section */

/* Begin PBXResourcesBuildPhase section */
		04F2144D29B3C35F0044C92F /* Resources */ = {
			isa = PBXResourcesBuildPhase;
			buildActionMask = 2147483647;
			files = (
				04F2145F29B3C3600044C92F /* LaunchScreen.storyboard in Resources */,
				04B8BA0C2A05B5EB00AC6497 /* CathegoryCollectionViewCell.xib in Resources */,
				04F2145C29B3C3600044C92F /* Assets.xcassets in Resources */,
				04F2145A29B3C35F0044C92F /* Main.storyboard in Resources */,
			);
			runOnlyForDeploymentPostprocessing = 0;
		};
/* End PBXResourcesBuildPhase section */

/* Begin PBXSourcesBuildPhase section */
		04F2144B29B3C35F0044C92F /* Sources */ = {
			isa = PBXSourcesBuildPhase;
			buildActionMask = 2147483647;
			files = (
				04CEE95F29B69F2700F379EE /* OnboardingSlide.swift in Sources */,
				04F2145329B3C35F0044C92F /* AppDelegate.swift in Sources */,
				04F2145529B3C35F0044C92F /* SceneDelegate.swift in Sources */,
				04B8BA0B2A05B5EB00AC6497 /* CathegoryCollectionViewCell.swift in Sources */,
				04B8BA0E2A05B89700AC6497 /* DishCathegory.swift in Sources */,
				04CEE95D29B69CF200F379EE /* UIView+Extension.swift in Sources */,
				04CEE95A29B6981900F379EE /* OnboardingViewController.swift in Sources */,
				0489423829F9D81600F3B59C /* HomeViewController.swift in Sources */,
				04CEE96129B6A38400F379EE /* OnboardingCollectionViewCell.swift in Sources */,
			);
			runOnlyForDeploymentPostprocessing = 0;
		};
/* End PBXSourcesBuildPhase section */

/* Begin PBXVariantGroup section */
		04F2145829B3C35F0044C92F /* Main.storyboard */ = {
			isa = PBXVariantGroup;
			children = (
				04F2145929B3C35F0044C92F /* Base */,
			);
			name = Main.storyboard;
			sourceTree = "<group>";
		};
		04F2145D29B3C3600044C92F /* LaunchScreen.storyboard */ = {
			isa = PBXVariantGroup;
			children = (
				04F2145E29B3C3600044C92F /* Base */,
			);
			name = LaunchScreen.storyboard;
			sourceTree = "<group>";
		};
/* End PBXVariantGroup section */

/* Begin XCBuildConfiguration section */
		04F2146129B3C3600044C92F /* Debug */ = {
			isa = XCBuildConfiguration;
			buildSettings = {
				ALWAYS_SEARCH_USER_PATHS = NO;
				CLANG_ANALYZER_NONNULL = YES;
				CLANG_ANALYZER_NUMBER_OBJECT_CONVERSION = YES_AGGRESSIVE;
				CLANG_CXX_LANGUAGE_STANDARD = "gnu++17";
				CLANG_CXX_LIBRARY = "libc++";
				CLANG_ENABLE_MODULES = YES;
				CLANG_ENABLE_OBJC_ARC = YES;
				CLANG_ENABLE_OBJC_WEAK = YES;
				CLANG_WARN_BLOCK_CAPTURE_AUTORELEASING = YES;
				CLANG_WARN_BOOL_CONVERSION = YES;
				CLANG_WARN_COMMA = YES;
				CLANG_WARN_CONSTANT_CONVERSION = YES;
				CLANG_WARN_DEPRECATED_OBJC_IMPLEMENTATIONS = YES;
				CLANG_WARN_DIRECT_OBJC_ISA_USAGE = YES_ERROR;
				CLANG_WARN_DOCUMENTATION_COMMENTS = YES;
				CLANG_WARN_EMPTY_BODY = YES;
				CLANG_WARN_ENUM_CONVERSION = YES;
				CLANG_WARN_INFINITE_RECURSION = YES;
				CLANG_WARN_INT_CONVERSION = YES;
				CLANG_WARN_NON_LITERAL_NULL_CONVERSION = YES;
				CLANG_WARN_OBJC_IMPLICIT_RETAIN_SELF = YES;
				CLANG_WARN_OBJC_LITERAL_CONVERSION = YES;
				CLANG_WARN_OBJC_ROOT_CLASS = YES_ERROR;
				CLANG_WARN_QUOTED_INCLUDE_IN_FRAMEWORK_HEADER = YES;
				CLANG_WARN_RANGE_LOOP_ANALYSIS = YES;
				CLANG_WARN_STRICT_PROTOTYPES = YES;
				CLANG_WARN_SUSPICIOUS_MOVE = YES;
				CLANG_WARN_UNGUARDED_AVAILABILITY = YES_AGGRESSIVE;
				CLANG_WARN_UNREACHABLE_CODE = YES;
				CLANG_WARN__DUPLICATE_METHOD_MATCH = YES;
				COPY_PHASE_STRIP = NO;
				DEBUG_INFORMATION_FORMAT = dwarf;
				ENABLE_STRICT_OBJC_MSGSEND = YES;
				ENABLE_TESTABILITY = YES;
				GCC_C_LANGUAGE_STANDARD = gnu11;
				GCC_DYNAMIC_NO_PIC = NO;
				GCC_NO_COMMON_BLOCKS = YES;
				GCC_OPTIMIZATION_LEVEL = 0;
				GCC_PREPROCESSOR_DEFINITIONS = (
					"DEBUG=1",
					"$(inherited)",
				);
				GCC_WARN_64_TO_32_BIT_CONVERSION = YES;
				GCC_WARN_ABOUT_RETURN_TYPE = YES_ERROR;
				GCC_WARN_UNDECLARED_SELECTOR = YES;
				GCC_WARN_UNINITIALIZED_AUTOS = YES_AGGRESSIVE;
				GCC_WARN_UNUSED_FUNCTION = YES;
				GCC_WARN_UNUSED_VARIABLE = YES;
				IPHONEOS_DEPLOYMENT_TARGET = 15.2;
				MTL_ENABLE_DEBUG_INFO = INCLUDE_SOURCE;
				MTL_FAST_MATH = YES;
				ONLY_ACTIVE_ARCH = YES;
				SDKROOT = iphoneos;
				SWIFT_ACTIVE_COMPILATION_CONDITIONS = DEBUG;
				SWIFT_OPTIMIZATION_LEVEL = "-Onone";
			};
			name = Debug;
		};
		04F2146229B3C3600044C92F /* Release */ = {
			isa = XCBuildConfiguration;
			buildSettings = {
				ALWAYS_SEARCH_USER_PATHS = NO;
				CLANG_ANALYZER_NONNULL = YES;
				CLANG_ANALYZER_NUMBER_OBJECT_CONVERSION = YES_AGGRESSIVE;
				CLANG_CXX_LANGUAGE_STANDARD = "gnu++17";
				CLANG_CXX_LIBRARY = "libc++";
				CLANG_ENABLE_MODULES = YES;
				CLANG_ENABLE_OBJC_ARC = YES;
				CLANG_ENABLE_OBJC_WEAK = YES;
				CLANG_WARN_BLOCK_CAPTURE_AUTORELEASING = YES;
				CLANG_WARN_BOOL_CONVERSION = YES;
				CLANG_WARN_COMMA = YES;
				CLANG_WARN_CONSTANT_CONVERSION = YES;
				CLANG_WARN_DEPRECATED_OBJC_IMPLEMENTATIONS = YES;
				CLANG_WARN_DIRECT_OBJC_ISA_USAGE = YES_ERROR;
				CLANG_WARN_DOCUMENTATION_COMMENTS = YES;
				CLANG_WARN_EMPTY_BODY = YES;
				CLANG_WARN_ENUM_CONVERSION = YES;
				CLANG_WARN_INFINITE_RECURSION = YES;
				CLANG_WARN_INT_CONVERSION = YES;
				CLANG_WARN_NON_LITERAL_NULL_CONVERSION = YES;
				CLANG_WARN_OBJC_IMPLICIT_RETAIN_SELF = YES;
				CLANG_WARN_OBJC_LITERAL_CONVERSION = YES;
				CLANG_WARN_OBJC_ROOT_CLASS = YES_ERROR;
				CLANG_WARN_QUOTED_INCLUDE_IN_FRAMEWORK_HEADER = YES;
				CLANG_WARN_RANGE_LOOP_ANALYSIS = YES;
				CLANG_WARN_STRICT_PROTOTYPES = YES;
				CLANG_WARN_SUSPICIOUS_MOVE = YES;
				CLANG_WARN_UNGUARDED_AVAILABILITY = YES_AGGRESSIVE;
				CLANG_WARN_UNREACHABLE_CODE = YES;
				CLANG_WARN__DUPLICATE_METHOD_MATCH = YES;
				COPY_PHASE_STRIP = NO;
				DEBUG_INFORMATION_FORMAT = "dwarf-with-dsym";
				ENABLE_NS_ASSERTIONS = NO;
				ENABLE_STRICT_OBJC_MSGSEND = YES;
				GCC_C_LANGUAGE_STANDARD = gnu11;
				GCC_NO_COMMON_BLOCKS = YES;
				GCC_WARN_64_TO_32_BIT_CONVERSION = YES;
				GCC_WARN_ABOUT_RETURN_TYPE = YES_ERROR;
				GCC_WARN_UNDECLARED_SELECTOR = YES;
				GCC_WARN_UNINITIALIZED_AUTOS = YES_AGGRESSIVE;
				GCC_WARN_UNUSED_FUNCTION = YES;
				GCC_WARN_UNUSED_VARIABLE = YES;
				IPHONEOS_DEPLOYMENT_TARGET = 15.2;
				MTL_ENABLE_DEBUG_INFO = NO;
				MTL_FAST_MATH = YES;
				SDKROOT = iphoneos;
				SWIFT_COMPILATION_MODE = wholemodule;
				SWIFT_OPTIMIZATION_LEVEL = "-O";
				VALIDATE_PRODUCT = YES;
			};
			name = Release;
		};
		04F2146429B3C3600044C92F /* Debug */ = {
			isa = XCBuildConfiguration;
			buildSettings = {
				ASSETCATALOG_COMPILER_APPICON_NAME = AppIcon;
				ASSETCATALOG_COMPILER_GLOBAL_ACCENT_COLOR_NAME = AccentColor;
				CODE_SIGN_STYLE = Automatic;
				CURRENT_PROJECT_VERSION = 1;
				DEVELOPMENT_TEAM = 8YA5L65S6V;
				GENERATE_INFOPLIST_FILE = YES;
				INFOPLIST_FILE = "Food Taxi/Info.plist";
				INFOPLIST_KEY_UIApplicationSupportsIndirectInputEvents = YES;
				INFOPLIST_KEY_UILaunchStoryboardName = LaunchScreen;
				INFOPLIST_KEY_UIMainStoryboardFile = Main;
				INFOPLIST_KEY_UISupportedInterfaceOrientations_iPad = "UIInterfaceOrientationPortrait UIInterfaceOrientationPortraitUpsideDown UIInterfaceOrientationLandscapeLeft UIInterfaceOrientationLandscapeRight";
				INFOPLIST_KEY_UISupportedInterfaceOrientations_iPhone = "UIInterfaceOrientationPortrait UIInterfaceOrientationLandscapeLeft UIInterfaceOrientationLandscapeRight";
				LD_RUNPATH_SEARCH_PATHS = (
					"$(inherited)",
					"@executable_path/Frameworks",
				);
				MARKETING_VERSION = 1.0;
				PRODUCT_BUNDLE_IDENTIFIER = "AlexRoma.Food-Taxi";
				PRODUCT_NAME = "$(TARGET_NAME)";
				SWIFT_EMIT_LOC_STRINGS = YES;
				SWIFT_VERSION = 5.0;
				TARGETED_DEVICE_FAMILY = "1,2";
			};
			name = Debug;
		};
		04F2146529B3C3600044C92F /* Release */ = {
			isa = XCBuildConfiguration;
			buildSettings = {
				ASSETCATALOG_COMPILER_APPICON_NAME = AppIcon;
				ASSETCATALOG_COMPILER_GLOBAL_ACCENT_COLOR_NAME = AccentColor;
				CODE_SIGN_STYLE = Automatic;
				CURRENT_PROJECT_VERSION = 1;
				DEVELOPMENT_TEAM = 8YA5L65S6V;
				GENERATE_INFOPLIST_FILE = YES;
				INFOPLIST_FILE = "Food Taxi/Info.plist";
				INFOPLIST_KEY_UIApplicationSupportsIndirectInputEvents = YES;
				INFOPLIST_KEY_UILaunchStoryboardName = LaunchScreen;
				INFOPLIST_KEY_UIMainStoryboardFile = Main;
				INFOPLIST_KEY_UISupportedInterfaceOrientations_iPad = "UIInterfaceOrientationPortrait UIInterfaceOrientationPortraitUpsideDown UIInterfaceOrientationLandscapeLeft UIInterfaceOrientationLandscapeRight";
				INFOPLIST_KEY_UISupportedInterfaceOrientations_iPhone = "UIInterfaceOrientationPortrait UIInterfaceOrientationLandscapeLeft UIInterfaceOrientationLandscapeRight";
				LD_RUNPATH_SEARCH_PATHS = (
					"$(inherited)",
					"@executable_path/Frameworks",
				);
				MARKETING_VERSION = 1.0;
				PRODUCT_BUNDLE_IDENTIFIER = "AlexRoma.Food-Taxi";
				PRODUCT_NAME = "$(TARGET_NAME)";
				SWIFT_EMIT_LOC_STRINGS = YES;
				SWIFT_VERSION = 5.0;
				TARGETED_DEVICE_FAMILY = "1,2";
			};
			name = Release;
		};
/* End XCBuildConfiguration section */

/* Begin XCConfigurationList section */
		04F2144A29B3C35F0044C92F /* Build configuration list for PBXProject "Food Taxi" */ = {
			isa = XCConfigurationList;
			buildConfigurations = (
				04F2146129B3C3600044C92F /* Debug */,
				04F2146229B3C3600044C92F /* Release */,
			);
			defaultConfigurationIsVisible = 0;
			defaultConfigurationName = Release;
		};
		04F2146329B3C3600044C92F /* Build configuration list for PBXNativeTarget "Food Taxi" */ = {
			isa = XCConfigurationList;
			buildConfigurations = (
				04F2146429B3C3600044C92F /* Debug */,
				04F2146529B3C3600044C92F /* Release */,
			);
			defaultConfigurationIsVisible = 0;
			defaultConfigurationName = Release;
		};
/* End XCConfigurationList section */
	};
	rootObject = 04F2144729B3C35F0044C92F /* Project object */;
}
